{
  "name": "ajs-2",
  "version": "1.0.0",
  "lockfileVersion": 2,
  "requires": true,
  "packages": {
    "": {
      "name": "ajs-2",
      "version": "1.0.0",
      "license": "ISC",
      "dependencies": {
        "@natacall/ajs": "^1.0.0"
      }
    },
    "node_modules/@natacall/ajs": {
      "version": "1.0.0",
      "resolved": "https://npm.pkg.github.com/download/@natacall/ajs/1.0.0/501958d92f9fdf8f1b341b7b6b5bd04da2182250",
      "integrity": "sha512-iNSJ5cnvC1mZYzi4kNYNMUwN2Ry/MsfMMoVI6M21xHbJ23pFOykq6RckTN5hutdM2hiphfFDIeznLNN0wvh/jQ==",
      "license": "ISC"
    }
  },
  "dependencies": {
    "@natacall/ajs": {
      "version": "1.0.0",
      "resolved": "https://npm.pkg.github.com/download/@natacall/ajs/1.0.0/501958d92f9fdf8f1b341b7b6b5bd04da2182250",
      "integrity": "sha512-iNSJ5cnvC1mZYzi4kNYNMUwN2Ry/MsfMMoVI6M21xHbJ23pFOykq6RckTN5hutdM2hiphfFDIeznLNN0wvh/jQ=="
    }
  }
}
